
Microsoft Visual Studio Solution File, Format Version 12.00
# Visual Studio Version 16
VisualStudioVersion = 16.0.30523.141
MinimumVisualStudioVersion = 10.0.40219.1
Project("{2150E333-8FDC-42A3-9474-1A3956D46DE8}") = "src", "src", "{B2BC030D-B949-4CFC-A372-491C2216ED01}"
EndProject
Project("{2150E333-8FDC-42A3-9474-1A3956D46DE8}") = "client", "client", "{06C96CBD-B3FB-44F2-8C07-AD5F622A54E7}"
EndProject
Project("{9A19103F-16F7-4668-BE54-9A1E7A4F7556}") = "IBMMQResilientClient", "src\client\IBMMQResilientClient.csproj", "{11046540-FB12-4080-AC5B-C36EF3D6016D}"
EndProject
Project("{2150E333-8FDC-42A3-9474-1A3956D46DE8}") = "test", "test", "{2F36EB70-134C-41E7-AB25-1555A3D0E8E0}"
EndProject
Project("{9A19103F-16F7-4668-BE54-9A1E7A4F7556}") = "ClientSample", "src\test\ClientSample\ClientSample.csproj", "{93B331BB-9F28-49EC-9E13-5B732468EB53}"
EndProject
Project("{2150E333-8FDC-42A3-9474-1A3956D46DE8}") = "1 - Service", "1 - Service", "{A55DF159-F386-4971-8B17-112BBA027465}"
EndProject
Project("{2150E333-8FDC-42A3-9474-1A3956D46DE8}") = "2 - Application", "2 - Application", "{1F73AF4F-A115-4A6A-A670-A95B8FD0A486}"
EndProject
Project("{2150E333-8FDC-42A3-9474-1A3956D46DE8}") = "3 - Domain", "3 - Domain", "{B6C764D6-3EB4-41DB-A0DC-12325E57F573}"
EndProject
Project("{2150E333-8FDC-42A3-9474-1A3956D46DE8}") = "4 - Infra", "4 - Infra", "{6009E920-AA90-4699-B3D4-727092ABACDE}"
EndProject
Project("{2150E333-8FDC-42A3-9474-1A3956D46DE8}") = "5 - Test", "5 - Test", "{C5F627EC-90F1-46DD-8EFA-F488F5F0921A}"
EndProject
Project("{9A19103F-16F7-4668-BE54-9A1E7A4F7556}") = "Project.Service", "ProjectService\Project.Service.csproj", "{39BC4404-8D4A-4F7A-AD8B-97CC58122DE0}"
EndProject
Project("{9A19103F-16F7-4668-BE54-9A1E7A4F7556}") = "Project.Application", "Project.Application\Project.Application.csproj", "{370D24AC-A294-4AFD-A8D1-E0F7783DC4F7}"
EndProject
Project("{9A19103F-16F7-4668-BE54-9A1E7A4F7556}") = "Project.Domain", "Project.Domain\Project.Domain.csproj", "{5943EC3B-93E0-43AE-93A9-D62F787B85CD}"
EndProject
Project("{2150E333-8FDC-42A3-9474-1A3956D46DE8}") = "4.1 - Data", "4.1 - Data", "{1F1F3303-BAC5-4B5A-8590-6EE1DFAB50AB}"
EndProject
Project("{2150E333-8FDC-42A3-9474-1A3956D46DE8}") = "4.2 - CrossCutting", "4.2 - CrossCutting", "{761E7D8A-48CA-4236-81A1-76E37C693FC8}"
EndProject
Project("{9A19103F-16F7-4668-BE54-9A1E7A4F7556}") = "Project.Infra.Data", "Project.Infra.Data\Project.Infra.Data.csproj", "{D84D14C5-90CE-47D0-A70C-71548C24DF83}"
EndProject
Project("{E53339B2-1760-4266-BCC7-CA923CBCF16C}") = "docker-compose", "docker-compose.dcproj", "{C6745BB1-3B73-4E7E-B3D1-ECA8ABE53114}"
EndProject
Project("{2150E333-8FDC-42A3-9474-1A3956D46DE8}") = "Solution Items", "Solution Items", "{05560F75-CD0B-44E1-9E16-982D61DA2411}"
	ProjectSection(SolutionItems) = preProject
		README.md = README.md
	EndProjectSection
EndProject
Global
	GlobalSection(SolutionConfigurationPlatforms) = preSolution
		Debug|Any CPU = Debug|Any CPU
		Release|Any CPU = Release|Any CPU
	EndGlobalSection
	GlobalSection(ProjectConfigurationPlatforms) = postSolution
		{11046540-FB12-4080-AC5B-C36EF3D6016D}.Debug|Any CPU.ActiveCfg = Debug|Any CPU
		{11046540-FB12-4080-AC5B-C36EF3D6016D}.Debug|Any CPU.Build.0 = Debug|Any CPU
		{11046540-FB12-4080-AC5B-C36EF3D6016D}.Release|Any CPU.ActiveCfg = Release|Any CPU
		{11046540-FB12-4080-AC5B-C36EF3D6016D}.Release|Any CPU.Build.0 = Release|Any CPU
		{93B331BB-9F28-49EC-9E13-5B732468EB53}.Debug|Any CPU.ActiveCfg = Debug|Any CPU
		{93B331BB-9F28-49EC-9E13-5B732468EB53}.Debug|Any CPU.Build.0 = Debug|Any CPU
		{93B331BB-9F28-49EC-9E13-5B732468EB53}.Release|Any CPU.ActiveCfg = Release|Any CPU
		{93B331BB-9F28-49EC-9E13-5B732468EB53}.Release|Any CPU.Build.0 = Release|Any CPU
		{39BC4404-8D4A-4F7A-AD8B-97CC58122DE0}.Debug|Any CPU.ActiveCfg = Debug|Any CPU
		{39BC4404-8D4A-4F7A-AD8B-97CC58122DE0}.Debug|Any CPU.Build.0 = Debug|Any CPU
		{39BC4404-8D4A-4F7A-AD8B-97CC58122DE0}.Release|Any CPU.ActiveCfg = Release|Any CPU
		{39BC4404-8D4A-4F7A-AD8B-97CC58122DE0}.Release|Any CPU.Build.0 = Release|Any CPU
		{370D24AC-A294-4AFD-A8D1-E0F7783DC4F7}.Debug|Any CPU.ActiveCfg = Debug|Any CPU
		{370D24AC-A294-4AFD-A8D1-E0F7783DC4F7}.Debug|Any CPU.Build.0 = Debug|Any CPU
		{370D24AC-A294-4AFD-A8D1-E0F7783DC4F7}.Release|Any CPU.ActiveCfg = Release|Any CPU
		{370D24AC-A294-4AFD-A8D1-E0F7783DC4F7}.Release|Any CPU.Build.0 = Release|Any CPU
		{5943EC3B-93E0-43AE-93A9-D62F787B85CD}.Debug|Any CPU.ActiveCfg = Debug|Any CPU
		{5943EC3B-93E0-43AE-93A9-D62F787B85CD}.Debug|Any CPU.Build.0 = Debug|Any CPU
		{5943EC3B-93E0-43AE-93A9-D62F787B85CD}.Release|Any CPU.ActiveCfg = Release|Any CPU
		{5943EC3B-93E0-43AE-93A9-D62F787B85CD}.Release|Any CPU.Build.0 = Release|Any CPU
		{D84D14C5-90CE-47D0-A70C-71548C24DF83}.Debug|Any CPU.ActiveCfg = Debug|Any CPU
		{D84D14C5-90CE-47D0-A70C-71548C24DF83}.Debug|Any CPU.Build.0 = Debug|Any CPU
		{D84D14C5-90CE-47D0-A70C-71548C24DF83}.Release|Any CPU.ActiveCfg = Release|Any CPU
		{D84D14C5-90CE-47D0-A70C-71548C24DF83}.Release|Any CPU.Build.0 = Release|Any CPU
		{C6745BB1-3B73-4E7E-B3D1-ECA8ABE53114}.Debug|Any CPU.ActiveCfg = Debug|Any CPU
		{C6745BB1-3B73-4E7E-B3D1-ECA8ABE53114}.Debug|Any CPU.Build.0 = Debug|Any CPU
		{C6745BB1-3B73-4E7E-B3D1-ECA8ABE53114}.Release|Any CPU.ActiveCfg = Release|Any CPU
		{C6745BB1-3B73-4E7E-B3D1-ECA8ABE53114}.Release|Any CPU.Build.0 = Release|Any CPU
	EndGlobalSection
	GlobalSection(SolutionProperties) = preSolution
		HideSolutionNode = FALSE
	EndGlobalSection
	GlobalSection(NestedProjects) = preSolution
		{06C96CBD-B3FB-44F2-8C07-AD5F622A54E7} = {B2BC030D-B949-4CFC-A372-491C2216ED01}
		{11046540-FB12-4080-AC5B-C36EF3D6016D} = {06C96CBD-B3FB-44F2-8C07-AD5F622A54E7}
		{2F36EB70-134C-41E7-AB25-1555A3D0E8E0} = {B2BC030D-B949-4CFC-A372-491C2216ED01}
		{93B331BB-9F28-49EC-9E13-5B732468EB53} = {2F36EB70-134C-41E7-AB25-1555A3D0E8E0}
		{A55DF159-F386-4971-8B17-112BBA027465} = {B2BC030D-B949-4CFC-A372-491C2216ED01}
		{1F73AF4F-A115-4A6A-A670-A95B8FD0A486} = {B2BC030D-B949-4CFC-A372-491C2216ED01}
		{B6C764D6-3EB4-41DB-A0DC-12325E57F573} = {B2BC030D-B949-4CFC-A372-491C2216ED01}
		{6009E920-AA90-4699-B3D4-727092ABACDE} = {B2BC030D-B949-4CFC-A372-491C2216ED01}
		{C5F627EC-90F1-46DD-8EFA-F488F5F0921A} = {B2BC030D-B949-4CFC-A372-491C2216ED01}
		{39BC4404-8D4A-4F7A-AD8B-97CC58122DE0} = {A55DF159-F386-4971-8B17-112BBA027465}
		{370D24AC-A294-4AFD-A8D1-E0F7783DC4F7} = {1F73AF4F-A115-4A6A-A670-A95B8FD0A486}
		{5943EC3B-93E0-43AE-93A9-D62F787B85CD} = {B6C764D6-3EB4-41DB-A0DC-12325E57F573}
		{1F1F3303-BAC5-4B5A-8590-6EE1DFAB50AB} = {6009E920-AA90-4699-B3D4-727092ABACDE}
		{761E7D8A-48CA-4236-81A1-76E37C693FC8} = {6009E920-AA90-4699-B3D4-727092ABACDE}
		{D84D14C5-90CE-47D0-A70C-71548C24DF83} = {1F1F3303-BAC5-4B5A-8590-6EE1DFAB50AB}
	EndGlobalSection
	GlobalSection(ExtensibilityGlobals) = postSolution
		SolutionGuid = {3984E8C5-C1DC-4D2F-8D67-4D3D5492E114}
	EndGlobalSection
EndGlobal
